# This file is automatically @generated by Cargo.
# It is not intended for manual editing.
version = 4

[[package]]
name = "camjongun"
version = "0.1.2"

[[package]]
name = "camjongun-ffi"
version = "0.1.2"
dependencies = [
 "camjongun",
]

[[package]]
name = "camjongun-installer-helper"
version = "0.1.2"

[[package]]
name = "camjongunctl"
version = "0.1.2"
dependencies = [
 "camjongun",
]
